
Microsoft Visual Studio Solution File, Format Version 12.00
# Visual Studio 15
VisualStudioVersion = 15.0.28307.329
MinimumVisualStudioVersion = 10.0.40219.1
Project("{FAE04EC0-301F-11D3-BF4B-00C04F79EFBC}") = "OdeToFood.Web", "OdeToFood.Web\OdeToFood.Web.csproj", "{DD5B5578-F50D-47A8-B642-F55F799688A1}"
EndProject
Project("{FAE04EC0-301F-11D3-BF4B-00C04F79EFBC}") = "OdeToFood.Data", "OdeToFood.Data\OdeToFood.Data.csproj", "{A677C6C2-C08D-402D-BE33-D73E80173350}"
EndProject
Global
	GlobalSection(SolutionConfigurationPlatforms) = preSolution
		Debug|Any CPU = Debug|Any CPU
		Release|Any CPU = Release|Any CPU
	EndGlobalSection
	GlobalSection(ProjectConfigurationPlatforms) = postSolution
		{DD5B5578-F50D-47A8-B642-F55F799688A1}.Debug|Any CPU.ActiveCfg = Debug|Any CPU
		{DD5B5578-F50D-47A8-B642-F55F799688A1}.Debug|Any CPU.Build.0 = Debug|Any CPU
		{DD5B5578-F50D-47A8-B642-F55F799688A1}.Release|Any CPU.ActiveCfg = Release|Any CPU
		{DD5B5578-F50D-47A8-B642-F55F799688A1}.Release|Any CPU.Build.0 = Release|Any CPU
		{A677C6C2-C08D-402D-BE33-D73E80173350}.Debug|Any CPU.ActiveCfg = Debug|Any CPU
		{A677C6C2-C08D-402D-BE33-D73E80173350}.Debug|Any CPU.Build.0 = Debug|Any CPU
		{A677C6C2-C08D-402D-BE33-D73E80173350}.Release|Any CPU.ActiveCfg = Release|Any CPU
		{A677C6C2-C08D-402D-BE33-D73E80173350}.Release|Any CPU.Build.0 = Release|Any CPU
	EndGlobalSection
	GlobalSection(SolutionProperties) = preSolution
		HideSolutionNode = FALSE
	EndGlobalSection
	GlobalSection(ExtensibilityGlobals) = postSolution
		SolutionGuid = {F5EDDA99-6272-4226-9526-2CB96EA151A8}
	EndGlobalSection
EndGlobal
